{
  "object": {
    "pins": [
      {
        "package": "AEXML",
        "repositoryURL": "https://github.com/HeMet/AEXML.git",
        "state": {
          "branch": "win-support",
          "revision": "d193a65c7e27d085dc21e411eed0118c78e268d0",
          "version": null
        }
      },
      {
        "package": "PathKit",
        "repositoryURL": "https://github.com/HeMet/PathKit.git",
        "state": {
          "branch": "win-support",
          "revision": "0ce2e702e07f7e0f126986d497ead86c7f31777b",
          "version": null
        }
      },
      {
        "package": "Spectre",
        "repositoryURL": "https://github.com/HeMet/Spectre.git",
        "state": {
          "branch": "win-support",
          "revision": "f0a197e17236de6bbba14c7031a80ea69d615ad5",
          "version": null
        }
      }
    ]
  },
  "version": 1
}
